
Microsoft Visual Studio Solution File, Format Version 12.00
# Visual Studio Version 17
VisualStudioVersion = 17.2.32602.215
MinimumVisualStudioVersion = 10.0.40219.1
Project("{FAE04EC0-301F-11D3-BF4B-00C04F79EFBC}") = "CustomProjectInnovationLDO", "CustomProjectInnovationLDO\CustomProjectInnovationLDO.csproj", "{3531D66C-C8F7-4AD4-89D7-FA34B8352C19}"
EndProject
Global
	GlobalSection(SolutionConfigurationPlatforms) = preSolution
		Debug|Any CPU = Debug|Any CPU
		Release|Any CPU = Release|Any CPU
	EndGlobalSection
	GlobalSection(ProjectConfigurationPlatforms) = postSolution
		{3531D66C-C8F7-4AD4-89D7-FA34B8352C19}.Debug|Any CPU.ActiveCfg = Debug|Any CPU
		{3531D66C-C8F7-4AD4-89D7-FA34B8352C19}.Debug|Any CPU.Build.0 = Debug|Any CPU
		{3531D66C-C8F7-4AD4-89D7-FA34B8352C19}.Release|Any CPU.ActiveCfg = Release|Any CPU
		{3531D66C-C8F7-4AD4-89D7-FA34B8352C19}.Release|Any CPU.Build.0 = Release|Any CPU
	EndGlobalSection
	GlobalSection(SolutionProperties) = preSolution
		HideSolutionNode = FALSE
	EndGlobalSection
	GlobalSection(ExtensibilityGlobals) = postSolution
		SolutionGuid = {F31CB746-5C70-4129-ACF8-028BBC7ADF8E}
	EndGlobalSection
EndGlobal
